
Microsoft Visual Studio Solution File, Format Version 12.00
# Visual Studio 15
VisualStudioVersion = 15.0.26730.16
MinimumVisualStudioVersion = 10.0.40219.1
Project("{FAE04EC0-301F-11D3-BF4B-00C04F79EFBC}") = "ConsoleApp1", "ConsoleApp1\ConsoleApp1.csproj", "{25558806-C518-4719-8423-A69A51E9B607}"
EndProject
Global
	GlobalSection(SolutionConfigurationPlatforms) = preSolution
		Debug|Any CPU = Debug|Any CPU
		Release|Any CPU = Release|Any CPU
	EndGlobalSection
	GlobalSection(ProjectConfigurationPlatforms) = postSolution
		{25558806-C518-4719-8423-A69A51E9B607}.Debug|Any CPU.ActiveCfg = Debug|Any CPU
		{25558806-C518-4719-8423-A69A51E9B607}.Debug|Any CPU.Build.0 = Debug|Any CPU
		{25558806-C518-4719-8423-A69A51E9B607}.Release|Any CPU.ActiveCfg = Release|Any CPU
		{25558806-C518-4719-8423-A69A51E9B607}.Release|Any CPU.Build.0 = Release|Any CPU
	EndGlobalSection
	GlobalSection(SolutionProperties) = preSolution
		HideSolutionNode = FALSE
	EndGlobalSection
	GlobalSection(ExtensibilityGlobals) = postSolution
		SolutionGuid = {0F69A275-0A21-4D54-BB5E-E52591B05D4A}
	EndGlobalSection
EndGlobal
